
Microsoft Visual Studio Solution File, Format Version 12.00
# Visual Studio 16
Project("{FAE04EC0-301F-11D3-BF4B-00C04F79EFBC}") = "Assembly-CSharp", "Assembly-CSharp.csproj", "{037F4756-C864-553B-B04C-5600F92BAF4F}"
EndProject
Project("{FAE04EC0-301F-11D3-BF4B-00C04F79EFBC}") = "Assembly-CSharp-Editor", "Assembly-CSharp-Editor.csproj", "{46407128-128B-AF64-1555-A4B1B908743E}"
EndProject
Global
	GlobalSection(SolutionConfigurationPlatforms) = preSolution
		Debug|Any CPU = Debug|Any CPU
		Release|Any CPU = Release|Any CPU
	EndGlobalSection
	GlobalSection(ProjectConfigurationPlatforms) = postSolution
		{037F4756-C864-553B-B04C-5600F92BAF4F}.Debug|Any CPU.ActiveCfg = Debug|Any CPU
		{037F4756-C864-553B-B04C-5600F92BAF4F}.Debug|Any CPU.Build.0 = Debug|Any CPU
		{037F4756-C864-553B-B04C-5600F92BAF4F}.Release|Any CPU.ActiveCfg = Release|Any CPU
		{037F4756-C864-553B-B04C-5600F92BAF4F}.Release|Any CPU.Build.0 = Release|Any CPU
		{46407128-128B-AF64-1555-A4B1B908743E}.Debug|Any CPU.ActiveCfg = Debug|Any CPU
		{46407128-128B-AF64-1555-A4B1B908743E}.Debug|Any CPU.Build.0 = Debug|Any CPU
		{46407128-128B-AF64-1555-A4B1B908743E}.Release|Any CPU.ActiveCfg = Release|Any CPU
		{46407128-128B-AF64-1555-A4B1B908743E}.Release|Any CPU.Build.0 = Release|Any CPU
	EndGlobalSection
	GlobalSection(SolutionProperties) = preSolution
		HideSolutionNode = FALSE
	EndGlobalSection
EndGlobal
